
Microsoft Visual Studio Solution File, Format Version 12.00
# Visual Studio 14
VisualStudioVersion = 14.0.25420.1
MinimumVisualStudioVersion = 10.0.40219.1
Project("{FAE04EC0-301F-11D3-BF4B-00C04F79EFBC}") = "Task1", "Task1\Task1.csproj", "{44E2A536-FED7-4D3E-AD46-58EB78D0F604}"
EndProject
Project("{FAE04EC0-301F-11D3-BF4B-00C04F79EFBC}") = "Task1.CUI", "Task1.CUI\Task1.CUI.csproj", "{7432B02E-2337-45C3-A0BC-284C261F035F}"
EndProject
Project("{FAE04EC0-301F-11D3-BF4B-00C04F79EFBC}") = "Task2", "Task2\Task2.csproj", "{B5DA728E-5DCA-4943-B4A8-E3F4ED52A501}"
EndProject
Project("{FAE04EC0-301F-11D3-BF4B-00C04F79EFBC}") = "Task2.Tests", "Task2.Tests\Task2.Tests.csproj", "{509E854E-ED21-4535-B567-2242D54C6036}"
EndProject
Project("{FAE04EC0-301F-11D3-BF4B-00C04F79EFBC}") = "Task3", "Task3\Task3.csproj", "{8114F6EA-054D-4D20-96CF-987F3CFE522D}"
EndProject
Project("{FAE04EC0-301F-11D3-BF4B-00C04F79EFBC}") = "Task3.Tests", "Task3.Tests\Task3.Tests.csproj", "{035BD8BE-F11A-444A-8921-0842AB0CD9B7}"
EndProject
Global
	GlobalSection(SolutionConfigurationPlatforms) = preSolution
		Debug|Any CPU = Debug|Any CPU
		Release|Any CPU = Release|Any CPU
	EndGlobalSection
	GlobalSection(ProjectConfigurationPlatforms) = postSolution
		{44E2A536-FED7-4D3E-AD46-58EB78D0F604}.Debug|Any CPU.ActiveCfg = Debug|Any CPU
		{44E2A536-FED7-4D3E-AD46-58EB78D0F604}.Debug|Any CPU.Build.0 = Debug|Any CPU
		{44E2A536-FED7-4D3E-AD46-58EB78D0F604}.Release|Any CPU.ActiveCfg = Release|Any CPU
		{44E2A536-FED7-4D3E-AD46-58EB78D0F604}.Release|Any CPU.Build.0 = Release|Any CPU
		{7432B02E-2337-45C3-A0BC-284C261F035F}.Debug|Any CPU.ActiveCfg = Debug|Any CPU
		{7432B02E-2337-45C3-A0BC-284C261F035F}.Debug|Any CPU.Build.0 = Debug|Any CPU
		{7432B02E-2337-45C3-A0BC-284C261F035F}.Release|Any CPU.ActiveCfg = Release|Any CPU
		{7432B02E-2337-45C3-A0BC-284C261F035F}.Release|Any CPU.Build.0 = Release|Any CPU
		{B5DA728E-5DCA-4943-B4A8-E3F4ED52A501}.Debug|Any CPU.ActiveCfg = Debug|Any CPU
		{B5DA728E-5DCA-4943-B4A8-E3F4ED52A501}.Debug|Any CPU.Build.0 = Debug|Any CPU
		{B5DA728E-5DCA-4943-B4A8-E3F4ED52A501}.Release|Any CPU.ActiveCfg = Release|Any CPU
		{B5DA728E-5DCA-4943-B4A8-E3F4ED52A501}.Release|Any CPU.Build.0 = Release|Any CPU
		{509E854E-ED21-4535-B567-2242D54C6036}.Debug|Any CPU.ActiveCfg = Debug|Any CPU
		{509E854E-ED21-4535-B567-2242D54C6036}.Debug|Any CPU.Build.0 = Debug|Any CPU
		{509E854E-ED21-4535-B567-2242D54C6036}.Release|Any CPU.ActiveCfg = Release|Any CPU
		{509E854E-ED21-4535-B567-2242D54C6036}.Release|Any CPU.Build.0 = Release|Any CPU
		{8114F6EA-054D-4D20-96CF-987F3CFE522D}.Debug|Any CPU.ActiveCfg = Debug|Any CPU
		{8114F6EA-054D-4D20-96CF-987F3CFE522D}.Debug|Any CPU.Build.0 = Debug|Any CPU
		{8114F6EA-054D-4D20-96CF-987F3CFE522D}.Release|Any CPU.ActiveCfg = Release|Any CPU
		{8114F6EA-054D-4D20-96CF-987F3CFE522D}.Release|Any CPU.Build.0 = Release|Any CPU
		{035BD8BE-F11A-444A-8921-0842AB0CD9B7}.Debug|Any CPU.ActiveCfg = Debug|Any CPU
		{035BD8BE-F11A-444A-8921-0842AB0CD9B7}.Debug|Any CPU.Build.0 = Debug|Any CPU
		{035BD8BE-F11A-444A-8921-0842AB0CD9B7}.Release|Any CPU.ActiveCfg = Release|Any CPU
		{035BD8BE-F11A-444A-8921-0842AB0CD9B7}.Release|Any CPU.Build.0 = Release|Any CPU
	EndGlobalSection
	GlobalSection(SolutionProperties) = preSolution
		HideSolutionNode = FALSE
	EndGlobalSection
EndGlobal
